
Microsoft Visual Studio Solution File, Format Version 12.00
# Visual Studio Version 17
VisualStudioVersion = 17.5.002.0
MinimumVisualStudioVersion = 10.0.40219.1
Project("{FAE04EC0-301F-11D3-BF4B-00C04F79EFBC}") = "SharpTimerAPI", "SharpTimerAPI\SharpTimerAPI.csproj", "{A950E141-B4D1-4338-9238-A1592AA42E1A}"
EndProject
Project("{FAE04EC0-301F-11D3-BF4B-00C04F79EFBC}") = "SharpTimer", "src\SharpTimer.csproj", "{09BD8C5E-A95F-4C42-9090-FD35ECEAF518}"
EndProject
Project("{FAE04EC0-301F-11D3-BF4B-00C04F79EFBC}") = "SharpTimer-Example", "SharpTimerAPI-Example\SharpTimer-Example.csproj", "{FF468BD2-D94C-467F-A6FD-DE4CB4C71D69}"
EndProject
Global
	GlobalSection(SolutionConfigurationPlatforms) = preSolution
		Debug|Any CPU = Debug|Any CPU
		Release|Any CPU = Release|Any CPU
	EndGlobalSection
	GlobalSection(ProjectConfigurationPlatforms) = postSolution
		{A950E141-B4D1-4338-9238-A1592AA42E1A}.Debug|Any CPU.ActiveCfg = Debug|Any CPU
		{A950E141-B4D1-4338-9238-A1592AA42E1A}.Debug|Any CPU.Build.0 = Debug|Any CPU
		{A950E141-B4D1-4338-9238-A1592AA42E1A}.Release|Any CPU.ActiveCfg = Release|Any CPU
		{A950E141-B4D1-4338-9238-A1592AA42E1A}.Release|Any CPU.Build.0 = Release|Any CPU
		{09BD8C5E-A95F-4C42-9090-FD35ECEAF518}.Debug|Any CPU.ActiveCfg = Debug|Any CPU
		{09BD8C5E-A95F-4C42-9090-FD35ECEAF518}.Debug|Any CPU.Build.0 = Debug|Any CPU
		{09BD8C5E-A95F-4C42-9090-FD35ECEAF518}.Release|Any CPU.ActiveCfg = Release|Any CPU
		{09BD8C5E-A95F-4C42-9090-FD35ECEAF518}.Release|Any CPU.Build.0 = Release|Any CPU
		{FF468BD2-D94C-467F-A6FD-DE4CB4C71D69}.Debug|Any CPU.ActiveCfg = Debug|Any CPU
		{FF468BD2-D94C-467F-A6FD-DE4CB4C71D69}.Debug|Any CPU.Build.0 = Debug|Any CPU
		{FF468BD2-D94C-467F-A6FD-DE4CB4C71D69}.Release|Any CPU.ActiveCfg = Release|Any CPU
		{FF468BD2-D94C-467F-A6FD-DE4CB4C71D69}.Release|Any CPU.Build.0 = Release|Any CPU
	EndGlobalSection
	GlobalSection(SolutionProperties) = preSolution
		HideSolutionNode = FALSE
	EndGlobalSection
	GlobalSection(ExtensibilityGlobals) = postSolution
		SolutionGuid = {13C5D9D5-5ED7-46DA-A5AB-EA42410FFC7C}
	EndGlobalSection
EndGlobal
