
Microsoft Visual Studio Solution File, Format Version 12.00
# Visual Studio Version 17
VisualStudioVersion = 17.5.002.0
MinimumVisualStudioVersion = 10.0.40219.1
Project("{9A19103F-16F7-4668-BE54-9A1E7A4F7556}") = "SharpTimer", "SharpTimer.csproj", "{8E786DDC-5BDE-462A-AC36-BB39D6D1560D}"
EndProject
Global
	GlobalSection(SolutionConfigurationPlatforms) = preSolution
		Debug|Any CPU = Debug|Any CPU
		Release|Any CPU = Release|Any CPU
	EndGlobalSection
	GlobalSection(ProjectConfigurationPlatforms) = postSolution
		{8E786DDC-5BDE-462A-AC36-BB39D6D1560D}.Debug|Any CPU.ActiveCfg = Debug|Any CPU
		{8E786DDC-5BDE-462A-AC36-BB39D6D1560D}.Debug|Any CPU.Build.0 = Debug|Any CPU
		{8E786DDC-5BDE-462A-AC36-BB39D6D1560D}.Release|Any CPU.ActiveCfg = Release|Any CPU
		{8E786DDC-5BDE-462A-AC36-BB39D6D1560D}.Release|Any CPU.Build.0 = Release|Any CPU
	EndGlobalSection
	GlobalSection(SolutionProperties) = preSolution
		HideSolutionNode = FALSE
	EndGlobalSection
	GlobalSection(ExtensibilityGlobals) = postSolution
		SolutionGuid = {13C5D9D5-5ED7-46DA-A5AB-EA42410FFC7C}
	EndGlobalSection
EndGlobal
